
Microsoft Visual Studio Solution File, Format Version 12.00
# Visual Studio Version 17
VisualStudioVersion = 17.0.32002.185
MinimumVisualStudioVersion = 10.0.40219.1
Project("{FAE04EC0-301F-11D3-BF4B-00C04F79EFBC}") = "Blatomic.WebAssembly.Server", "Blatomic.WebAssembly\Server\Blatomic.WebAssembly.Server.csproj", "{934C5E60-DBE5-4AE0-B8F7-89771709DF49}"
EndProject
Project("{FAE04EC0-301F-11D3-BF4B-00C04F79EFBC}") = "Blatomic.WebAssembly.Client", "Blatomic.WebAssembly\Client\Blatomic.WebAssembly.Client.csproj", "{A8E22A78-371B-4424-92A0-2A849F706BA2}"
EndProject
Project("{FAE04EC0-301F-11D3-BF4B-00C04F79EFBC}") = "Blatomic", "Blatomic.Components\Blatomic.csproj", "{D8D34D32-2DC6-45C6-A3F8-8B11DD38577A}"
EndProject
Project("{2150E333-8FDC-42A3-9474-1A3956D46DE8}") = "Solution Items", "Solution Items", "{555F4215-7FDE-4916-9A24-BC954E0B8D8D}"
	ProjectSection(SolutionItems) = preProject
		.editorconfig = .editorconfig
	EndProjectSection
EndProject
Global
	GlobalSection(SolutionConfigurationPlatforms) = preSolution
		Debug|Any CPU = Debug|Any CPU
		Release|Any CPU = Release|Any CPU
	EndGlobalSection
	GlobalSection(ProjectConfigurationPlatforms) = postSolution
		{934C5E60-DBE5-4AE0-B8F7-89771709DF49}.Debug|Any CPU.ActiveCfg = Debug|Any CPU
		{934C5E60-DBE5-4AE0-B8F7-89771709DF49}.Debug|Any CPU.Build.0 = Debug|Any CPU
		{934C5E60-DBE5-4AE0-B8F7-89771709DF49}.Release|Any CPU.ActiveCfg = Release|Any CPU
		{934C5E60-DBE5-4AE0-B8F7-89771709DF49}.Release|Any CPU.Build.0 = Release|Any CPU
		{A8E22A78-371B-4424-92A0-2A849F706BA2}.Debug|Any CPU.ActiveCfg = Debug|Any CPU
		{A8E22A78-371B-4424-92A0-2A849F706BA2}.Debug|Any CPU.Build.0 = Debug|Any CPU
		{A8E22A78-371B-4424-92A0-2A849F706BA2}.Release|Any CPU.ActiveCfg = Release|Any CPU
		{A8E22A78-371B-4424-92A0-2A849F706BA2}.Release|Any CPU.Build.0 = Release|Any CPU
		{D8D34D32-2DC6-45C6-A3F8-8B11DD38577A}.Debug|Any CPU.ActiveCfg = Debug|Any CPU
		{D8D34D32-2DC6-45C6-A3F8-8B11DD38577A}.Debug|Any CPU.Build.0 = Debug|Any CPU
		{D8D34D32-2DC6-45C6-A3F8-8B11DD38577A}.Release|Any CPU.ActiveCfg = Release|Any CPU
		{D8D34D32-2DC6-45C6-A3F8-8B11DD38577A}.Release|Any CPU.Build.0 = Release|Any CPU
	EndGlobalSection
	GlobalSection(SolutionProperties) = preSolution
		HideSolutionNode = FALSE
	EndGlobalSection
	GlobalSection(ExtensibilityGlobals) = postSolution
		SolutionGuid = {5B2CA165-88F9-4138-B97F-AC2C6397C67B}
	EndGlobalSection
EndGlobal
